
Microsoft Visual Studio Solution File, Format Version 12.00
# Visual Studio Version 16
VisualStudioVersion = 16.0.28803.202
MinimumVisualStudioVersion = 10.0.40219.1
Project("{FAE04EC0-301F-11D3-BF4B-00C04F79EFBC}") = "RealEstateApp.Android", "RealEstateApp.Android\RealEstateApp.Android.csproj", "{338029B5-55D3-4C60-AC71-7D131FBAE612}"
EndProject
Project("{FAE04EC0-301F-11D3-BF4B-00C04F79EFBC}") = "RealEstateApp.iOS", "RealEstateApp.iOS\RealEstateApp.iOS.csproj", "{06FB1394-968A-4F5E-A91E-C79EBED99CBC}"
EndProject
Project("{9A19103F-16F7-4668-BE54-9A1E7A4F7556}") = "RealEstateApp", "RealEstateApp\RealEstateApp.csproj", "{69AB3FBA-E2E3-434E-964D-CD3E9DF4E2FD}"
EndProject
Project("{FAE04EC0-301F-11D3-BF4B-00C04F79EFBC}") = "RealEstateApp.UWP", "RealEstateApp.UWP\RealEstateApp.UWP.csproj", "{23C6707F-0BA8-46E3-B771-42195C35A13F}"
EndProject
Project("{FAE04EC0-301F-11D3-BF4B-00C04F79EFBC}") = "RealEstateApp.UnitTests", "RealEstateApp.UnitTests\RealEstateApp.UnitTests.csproj", "{43EF2991-D50B-4A72-B83C-42DD626DA0F1}"
EndProject
Global
	GlobalSection(SolutionConfigurationPlatforms) = preSolution
		Debug|Any CPU = Debug|Any CPU
		Debug|ARM = Debug|ARM
		Debug|ARM64 = Debug|ARM64
		Debug|iPhone = Debug|iPhone
		Debug|iPhoneSimulator = Debug|iPhoneSimulator
		Debug|x64 = Debug|x64
		Debug|x86 = Debug|x86
		Release|Any CPU = Release|Any CPU
		Release|ARM = Release|ARM
		Release|ARM64 = Release|ARM64
		Release|iPhone = Release|iPhone
		Release|iPhoneSimulator = Release|iPhoneSimulator
		Release|x64 = Release|x64
		Release|x86 = Release|x86
	EndGlobalSection
	GlobalSection(ProjectConfigurationPlatforms) = postSolution
		{338029B5-55D3-4C60-AC71-7D131FBAE612}.Debug|Any CPU.ActiveCfg = Debug|Any CPU
		{338029B5-55D3-4C60-AC71-7D131FBAE612}.Debug|Any CPU.Build.0 = Debug|Any CPU
		{338029B5-55D3-4C60-AC71-7D131FBAE612}.Debug|Any CPU.Deploy.0 = Debug|Any CPU
		{338029B5-55D3-4C60-AC71-7D131FBAE612}.Debug|ARM.ActiveCfg = Debug|Any CPU
		{338029B5-55D3-4C60-AC71-7D131FBAE612}.Debug|ARM.Build.0 = Debug|Any CPU
		{338029B5-55D3-4C60-AC71-7D131FBAE612}.Debug|ARM.Deploy.0 = Debug|Any CPU
		{338029B5-55D3-4C60-AC71-7D131FBAE612}.Debug|ARM64.ActiveCfg = Debug|Any CPU
		{338029B5-55D3-4C60-AC71-7D131FBAE612}.Debug|ARM64.Build.0 = Debug|Any CPU
		{338029B5-55D3-4C60-AC71-7D131FBAE612}.Debug|ARM64.Deploy.0 = Debug|Any CPU
		{338029B5-55D3-4C60-AC71-7D131FBAE612}.Debug|iPhone.ActiveCfg = Debug|Any CPU
		{338029B5-55D3-4C60-AC71-7D131FBAE612}.Debug|iPhone.Build.0 = Debug|Any CPU
		{338029B5-55D3-4C60-AC71-7D131FBAE612}.Debug|iPhone.Deploy.0 = Debug|Any CPU
		{338029B5-55D3-4C60-AC71-7D131FBAE612}.Debug|iPhoneSimulator.ActiveCfg = Debug|Any CPU
		{338029B5-55D3-4C60-AC71-7D131FBAE612}.Debug|iPhoneSimulator.Build.0 = Debug|Any CPU
		{338029B5-55D3-4C60-AC71-7D131FBAE612}.Debug|iPhoneSimulator.Deploy.0 = Debug|Any CPU
		{338029B5-55D3-4C60-AC71-7D131FBAE612}.Debug|x64.ActiveCfg = Debug|Any CPU
		{338029B5-55D3-4C60-AC71-7D131FBAE612}.Debug|x64.Build.0 = Debug|Any CPU
		{338029B5-55D3-4C60-AC71-7D131FBAE612}.Debug|x64.Deploy.0 = Debug|Any CPU
		{338029B5-55D3-4C60-AC71-7D131FBAE612}.Debug|x86.ActiveCfg = Debug|Any CPU
		{338029B5-55D3-4C60-AC71-7D131FBAE612}.Debug|x86.Build.0 = Debug|Any CPU
		{338029B5-55D3-4C60-AC71-7D131FBAE612}.Debug|x86.Deploy.0 = Debug|Any CPU
		{338029B5-55D3-4C60-AC71-7D131FBAE612}.Release|Any CPU.ActiveCfg = Release|Any CPU
		{338029B5-55D3-4C60-AC71-7D131FBAE612}.Release|Any CPU.Build.0 = Release|Any CPU
		{338029B5-55D3-4C60-AC71-7D131FBAE612}.Release|Any CPU.Deploy.0 = Release|Any CPU
		{338029B5-55D3-4C60-AC71-7D131FBAE612}.Release|ARM.ActiveCfg = Release|Any CPU
		{338029B5-55D3-4C60-AC71-7D131FBAE612}.Release|ARM.Build.0 = Release|Any CPU
		{338029B5-55D3-4C60-AC71-7D131FBAE612}.Release|ARM.Deploy.0 = Release|Any CPU
		{338029B5-55D3-4C60-AC71-7D131FBAE612}.Release|ARM64.ActiveCfg = Release|Any CPU
		{338029B5-55D3-4C60-AC71-7D131FBAE612}.Release|ARM64.Build.0 = Release|Any CPU
		{338029B5-55D3-4C60-AC71-7D131FBAE612}.Release|ARM64.Deploy.0 = Release|Any CPU
		{338029B5-55D3-4C60-AC71-7D131FBAE612}.Release|iPhone.ActiveCfg = Release|Any CPU
		{338029B5-55D3-4C60-AC71-7D131FBAE612}.Release|iPhone.Build.0 = Release|Any CPU
		{338029B5-55D3-4C60-AC71-7D131FBAE612}.Release|iPhone.Deploy.0 = Release|Any CPU
		{338029B5-55D3-4C60-AC71-7D131FBAE612}.Release|iPhoneSimulator.ActiveCfg = Release|Any CPU
		{338029B5-55D3-4C60-AC71-7D131FBAE612}.Release|iPhoneSimulator.Build.0 = Release|Any CPU
		{338029B5-55D3-4C60-AC71-7D131FBAE612}.Release|iPhoneSimulator.Deploy.0 = Release|Any CPU
		{338029B5-55D3-4C60-AC71-7D131FBAE612}.Release|x64.ActiveCfg = Release|Any CPU
		{338029B5-55D3-4C60-AC71-7D131FBAE612}.Release|x64.Build.0 = Release|Any CPU
		{338029B5-55D3-4C60-AC71-7D131FBAE612}.Release|x64.Deploy.0 = Release|Any CPU
		{338029B5-55D3-4C60-AC71-7D131FBAE612}.Release|x86.ActiveCfg = Release|Any CPU
		{338029B5-55D3-4C60-AC71-7D131FBAE612}.Release|x86.Build.0 = Release|Any CPU
		{338029B5-55D3-4C60-AC71-7D131FBAE612}.Release|x86.Deploy.0 = Release|Any CPU
		{06FB1394-968A-4F5E-A91E-C79EBED99CBC}.Debug|Any CPU.ActiveCfg = Debug|iPhoneSimulator
		{06FB1394-968A-4F5E-A91E-C79EBED99CBC}.Debug|Any CPU.Build.0 = Debug|iPhoneSimulator
		{06FB1394-968A-4F5E-A91E-C79EBED99CBC}.Debug|Any CPU.Deploy.0 = Debug|iPhoneSimulator
		{06FB1394-968A-4F5E-A91E-C79EBED99CBC}.Debug|ARM.ActiveCfg = Debug|iPhone
		{06FB1394-968A-4F5E-A91E-C79EBED99CBC}.Debug|ARM64.ActiveCfg = Debug|iPhone
		{06FB1394-968A-4F5E-A91E-C79EBED99CBC}.Debug|iPhone.ActiveCfg = Debug|iPhone
		{06FB1394-968A-4F5E-A91E-C79EBED99CBC}.Debug|iPhone.Build.0 = Debug|iPhone
		{06FB1394-968A-4F5E-A91E-C79EBED99CBC}.Debug|iPhone.Deploy.0 = Debug|iPhone
		{06FB1394-968A-4F5E-A91E-C79EBED99CBC}.Debug|iPhoneSimulator.ActiveCfg = Debug|iPhoneSimulator
		{06FB1394-968A-4F5E-A91E-C79EBED99CBC}.Debug|iPhoneSimulator.Build.0 = Debug|iPhoneSimulator
		{06FB1394-968A-4F5E-A91E-C79EBED99CBC}.Debug|iPhoneSimulator.Deploy.0 = Debug|iPhoneSimulator
		{06FB1394-968A-4F5E-A91E-C79EBED99CBC}.Debug|x64.ActiveCfg = Debug|iPhone
		{06FB1394-968A-4F5E-A91E-C79EBED99CBC}.Debug|x86.ActiveCfg = Debug|iPhone
		{06FB1394-968A-4F5E-A91E-C79EBED99CBC}.Release|Any CPU.ActiveCfg = Release|iPhone
		{06FB1394-968A-4F5E-A91E-C79EBED99CBC}.Release|Any CPU.Build.0 = Release|iPhone
		{06FB1394-968A-4F5E-A91E-C79EBED99CBC}.Release|Any CPU.Deploy.0 = Release|iPhone
		{06FB1394-968A-4F5E-A91E-C79EBED99CBC}.Release|ARM.ActiveCfg = Release|iPhoneSimulator
		{06FB1394-968A-4F5E-A91E-C79EBED99CBC}.Release|ARM64.ActiveCfg = Release|iPhoneSimulator
		{06FB1394-968A-4F5E-A91E-C79EBED99CBC}.Release|iPhone.ActiveCfg = Release|iPhone
		{06FB1394-968A-4F5E-A91E-C79EBED99CBC}.Release|iPhone.Build.0 = Release|iPhone
		{06FB1394-968A-4F5E-A91E-C79EBED99CBC}.Release|iPhone.Deploy.0 = Release|iPhone
		{06FB1394-968A-4F5E-A91E-C79EBED99CBC}.Release|iPhoneSimulator.ActiveCfg = Release|iPhoneSimulator
		{06FB1394-968A-4F5E-A91E-C79EBED99CBC}.Release|iPhoneSimulator.Build.0 = Release|iPhoneSimulator
		{06FB1394-968A-4F5E-A91E-C79EBED99CBC}.Release|iPhoneSimulator.Deploy.0 = Release|iPhoneSimulator
		{06FB1394-968A-4F5E-A91E-C79EBED99CBC}.Release|x64.ActiveCfg = Release|iPhoneSimulator
		{06FB1394-968A-4F5E-A91E-C79EBED99CBC}.Release|x86.ActiveCfg = Release|iPhoneSimulator
		{69AB3FBA-E2E3-434E-964D-CD3E9DF4E2FD}.Debug|Any CPU.ActiveCfg = Debug|Any CPU
		{69AB3FBA-E2E3-434E-964D-CD3E9DF4E2FD}.Debug|Any CPU.Build.0 = Debug|Any CPU
		{69AB3FBA-E2E3-434E-964D-CD3E9DF4E2FD}.Debug|Any CPU.Deploy.0 = Debug|Any CPU
		{69AB3FBA-E2E3-434E-964D-CD3E9DF4E2FD}.Debug|ARM.ActiveCfg = Debug|Any CPU
		{69AB3FBA-E2E3-434E-964D-CD3E9DF4E2FD}.Debug|ARM.Build.0 = Debug|Any CPU
		{69AB3FBA-E2E3-434E-964D-CD3E9DF4E2FD}.Debug|ARM64.ActiveCfg = Debug|Any CPU
		{69AB3FBA-E2E3-434E-964D-CD3E9DF4E2FD}.Debug|ARM64.Build.0 = Debug|Any CPU
		{69AB3FBA-E2E3-434E-964D-CD3E9DF4E2FD}.Debug|iPhone.ActiveCfg = Debug|Any CPU
		{69AB3FBA-E2E3-434E-964D-CD3E9DF4E2FD}.Debug|iPhone.Build.0 = Debug|Any CPU
		{69AB3FBA-E2E3-434E-964D-CD3E9DF4E2FD}.Debug|iPhone.Deploy.0 = Debug|Any CPU
		{69AB3FBA-E2E3-434E-964D-CD3E9DF4E2FD}.Debug|iPhoneSimulator.ActiveCfg = Debug|Any CPU
		{69AB3FBA-E2E3-434E-964D-CD3E9DF4E2FD}.Debug|iPhoneSimulator.Build.0 = Debug|Any CPU
		{69AB3FBA-E2E3-434E-964D-CD3E9DF4E2FD}.Debug|iPhoneSimulator.Deploy.0 = Debug|Any CPU
		{69AB3FBA-E2E3-434E-964D-CD3E9DF4E2FD}.Debug|x64.ActiveCfg = Debug|Any CPU
		{69AB3FBA-E2E3-434E-964D-CD3E9DF4E2FD}.Debug|x64.Build.0 = Debug|Any CPU
		{69AB3FBA-E2E3-434E-964D-CD3E9DF4E2FD}.Debug|x86.ActiveCfg = Debug|Any CPU
		{69AB3FBA-E2E3-434E-964D-CD3E9DF4E2FD}.Debug|x86.Build.0 = Debug|Any CPU
		{69AB3FBA-E2E3-434E-964D-CD3E9DF4E2FD}.Release|Any CPU.ActiveCfg = Release|Any CPU
		{69AB3FBA-E2E3-434E-964D-CD3E9DF4E2FD}.Release|Any CPU.Build.0 = Release|Any CPU
		{69AB3FBA-E2E3-434E-964D-CD3E9DF4E2FD}.Release|Any CPU.Deploy.0 = Release|Any CPU
		{69AB3FBA-E2E3-434E-964D-CD3E9DF4E2FD}.Release|ARM.ActiveCfg = Release|Any CPU
		{69AB3FBA-E2E3-434E-964D-CD3E9DF4E2FD}.Release|ARM.Build.0 = Release|Any CPU
		{69AB3FBA-E2E3-434E-964D-CD3E9DF4E2FD}.Release|ARM64.ActiveCfg = Release|Any CPU
		{69AB3FBA-E2E3-434E-964D-CD3E9DF4E2FD}.Release|ARM64.Build.0 = Release|Any CPU
		{69AB3FBA-E2E3-434E-964D-CD3E9DF4E2FD}.Release|iPhone.ActiveCfg = Release|Any CPU
		{69AB3FBA-E2E3-434E-964D-CD3E9DF4E2FD}.Release|iPhone.Build.0 = Release|Any CPU
		{69AB3FBA-E2E3-434E-964D-CD3E9DF4E2FD}.Release|iPhone.Deploy.0 = Release|Any CPU
		{69AB3FBA-E2E3-434E-964D-CD3E9DF4E2FD}.Release|iPhoneSimulator.ActiveCfg = Release|Any CPU
		{69AB3FBA-E2E3-434E-964D-CD3E9DF4E2FD}.Release|iPhoneSimulator.Build.0 = Release|Any CPU
		{69AB3FBA-E2E3-434E-964D-CD3E9DF4E2FD}.Release|iPhoneSimulator.Deploy.0 = Release|Any CPU
		{69AB3FBA-E2E3-434E-964D-CD3E9DF4E2FD}.Release|x64.ActiveCfg = Release|Any CPU
		{69AB3FBA-E2E3-434E-964D-CD3E9DF4E2FD}.Release|x64.Build.0 = Release|Any CPU
		{69AB3FBA-E2E3-434E-964D-CD3E9DF4E2FD}.Release|x86.ActiveCfg = Release|Any CPU
		{69AB3FBA-E2E3-434E-964D-CD3E9DF4E2FD}.Release|x86.Build.0 = Release|Any CPU
		{23C6707F-0BA8-46E3-B771-42195C35A13F}.Debug|Any CPU.ActiveCfg = Debug|x86
		{23C6707F-0BA8-46E3-B771-42195C35A13F}.Debug|ARM.ActiveCfg = Debug|ARM
		{23C6707F-0BA8-46E3-B771-42195C35A13F}.Debug|ARM.Build.0 = Debug|ARM
		{23C6707F-0BA8-46E3-B771-42195C35A13F}.Debug|ARM.Deploy.0 = Debug|ARM
		{23C6707F-0BA8-46E3-B771-42195C35A13F}.Debug|ARM64.ActiveCfg = Debug|x86
		{23C6707F-0BA8-46E3-B771-42195C35A13F}.Debug|iPhone.ActiveCfg = Debug|x86
		{23C6707F-0BA8-46E3-B771-42195C35A13F}.Debug|iPhoneSimulator.ActiveCfg = Debug|x86
		{23C6707F-0BA8-46E3-B771-42195C35A13F}.Debug|x64.ActiveCfg = Debug|x64
		{23C6707F-0BA8-46E3-B771-42195C35A13F}.Debug|x64.Build.0 = Debug|x64
		{23C6707F-0BA8-46E3-B771-42195C35A13F}.Debug|x64.Deploy.0 = Debug|x64
		{23C6707F-0BA8-46E3-B771-42195C35A13F}.Debug|x86.ActiveCfg = Debug|x86
		{23C6707F-0BA8-46E3-B771-42195C35A13F}.Debug|x86.Build.0 = Debug|x86
		{23C6707F-0BA8-46E3-B771-42195C35A13F}.Debug|x86.Deploy.0 = Debug|x86
		{23C6707F-0BA8-46E3-B771-42195C35A13F}.Release|Any CPU.ActiveCfg = Release|x86
		{23C6707F-0BA8-46E3-B771-42195C35A13F}.Release|ARM.ActiveCfg = Release|ARM
		{23C6707F-0BA8-46E3-B771-42195C35A13F}.Release|ARM.Build.0 = Release|ARM
		{23C6707F-0BA8-46E3-B771-42195C35A13F}.Release|ARM.Deploy.0 = Release|ARM
		{23C6707F-0BA8-46E3-B771-42195C35A13F}.Release|ARM64.ActiveCfg = Release|x86
		{23C6707F-0BA8-46E3-B771-42195C35A13F}.Release|iPhone.ActiveCfg = Release|x86
		{23C6707F-0BA8-46E3-B771-42195C35A13F}.Release|iPhoneSimulator.ActiveCfg = Release|x86
		{23C6707F-0BA8-46E3-B771-42195C35A13F}.Release|x64.ActiveCfg = Release|x64
		{23C6707F-0BA8-46E3-B771-42195C35A13F}.Release|x64.Build.0 = Release|x64
		{23C6707F-0BA8-46E3-B771-42195C35A13F}.Release|x64.Deploy.0 = Release|x64
		{23C6707F-0BA8-46E3-B771-42195C35A13F}.Release|x86.ActiveCfg = Release|x86
		{23C6707F-0BA8-46E3-B771-42195C35A13F}.Release|x86.Build.0 = Release|x86
		{23C6707F-0BA8-46E3-B771-42195C35A13F}.Release|x86.Deploy.0 = Release|x86
		{43EF2991-D50B-4A72-B83C-42DD626DA0F1}.Debug|Any CPU.ActiveCfg = Debug|Any CPU
		{43EF2991-D50B-4A72-B83C-42DD626DA0F1}.Debug|Any CPU.Build.0 = Debug|Any CPU
		{43EF2991-D50B-4A72-B83C-42DD626DA0F1}.Debug|ARM.ActiveCfg = Debug|Any CPU
		{43EF2991-D50B-4A72-B83C-42DD626DA0F1}.Debug|ARM.Build.0 = Debug|Any CPU
		{43EF2991-D50B-4A72-B83C-42DD626DA0F1}.Debug|ARM64.ActiveCfg = Debug|Any CPU
		{43EF2991-D50B-4A72-B83C-42DD626DA0F1}.Debug|ARM64.Build.0 = Debug|Any CPU
		{43EF2991-D50B-4A72-B83C-42DD626DA0F1}.Debug|iPhone.ActiveCfg = Debug|Any CPU
		{43EF2991-D50B-4A72-B83C-42DD626DA0F1}.Debug|iPhone.Build.0 = Debug|Any CPU
		{43EF2991-D50B-4A72-B83C-42DD626DA0F1}.Debug|iPhoneSimulator.ActiveCfg = Debug|Any CPU
		{43EF2991-D50B-4A72-B83C-42DD626DA0F1}.Debug|iPhoneSimulator.Build.0 = Debug|Any CPU
		{43EF2991-D50B-4A72-B83C-42DD626DA0F1}.Debug|x64.ActiveCfg = Debug|Any CPU
		{43EF2991-D50B-4A72-B83C-42DD626DA0F1}.Debug|x64.Build.0 = Debug|Any CPU
		{43EF2991-D50B-4A72-B83C-42DD626DA0F1}.Debug|x86.ActiveCfg = Debug|Any CPU
		{43EF2991-D50B-4A72-B83C-42DD626DA0F1}.Debug|x86.Build.0 = Debug|Any CPU
		{43EF2991-D50B-4A72-B83C-42DD626DA0F1}.Release|Any CPU.ActiveCfg = Release|Any CPU
		{43EF2991-D50B-4A72-B83C-42DD626DA0F1}.Release|Any CPU.Build.0 = Release|Any CPU
		{43EF2991-D50B-4A72-B83C-42DD626DA0F1}.Release|ARM.ActiveCfg = Release|Any CPU
		{43EF2991-D50B-4A72-B83C-42DD626DA0F1}.Release|ARM.Build.0 = Release|Any CPU
		{43EF2991-D50B-4A72-B83C-42DD626DA0F1}.Release|ARM64.ActiveCfg = Release|Any CPU
		{43EF2991-D50B-4A72-B83C-42DD626DA0F1}.Release|ARM64.Build.0 = Release|Any CPU
		{43EF2991-D50B-4A72-B83C-42DD626DA0F1}.Release|iPhone.ActiveCfg = Release|Any CPU
		{43EF2991-D50B-4A72-B83C-42DD626DA0F1}.Release|iPhone.Build.0 = Release|Any CPU
		{43EF2991-D50B-4A72-B83C-42DD626DA0F1}.Release|iPhoneSimulator.ActiveCfg = Release|Any CPU
		{43EF2991-D50B-4A72-B83C-42DD626DA0F1}.Release|iPhoneSimulator.Build.0 = Release|Any CPU
		{43EF2991-D50B-4A72-B83C-42DD626DA0F1}.Release|x64.ActiveCfg = Release|Any CPU
		{43EF2991-D50B-4A72-B83C-42DD626DA0F1}.Release|x64.Build.0 = Release|Any CPU
		{43EF2991-D50B-4A72-B83C-42DD626DA0F1}.Release|x86.ActiveCfg = Release|Any CPU
		{43EF2991-D50B-4A72-B83C-42DD626DA0F1}.Release|x86.Build.0 = Release|Any CPU
	EndGlobalSection
	GlobalSection(SolutionProperties) = preSolution
		HideSolutionNode = FALSE
	EndGlobalSection
	GlobalSection(ExtensibilityGlobals) = postSolution
		SolutionGuid = {1B24EA92-AD29-456F-ABE1-112AB7FF54F8}
	EndGlobalSection
EndGlobal
